# THIS IS AN AUTOGENERATED FILE. DO NOT EDIT THIS FILE DIRECTLY.
assets/8DD3D40D631BC9DF._t_:
  development: 2017-05-01T09:31:23-06:00   fe694dd4937d63334f61a721b75b7bcb
  production: 2016-10-11T15:33:17-06:00   fe694dd4937d63334f61a721b75b7bcb
assets/93A011DB2A4E0387._t_:
  development: 2017-05-01T09:31:23-06:00   fe694dd4937d63334f61a721b75b7bcb
  production: 2016-10-11T15:20:20-06:00   fe694dd4937d63334f61a721b75b7bcb
assets/app.js.liquid:
  development: 2017-11-15T07:30:03-07:00   68db39f9dfd2c44d61af69452578a1ae
  production: 2017-11-29T11:22:26-07:00   476bcf3b5454f9aaf3e7cd1710b61516
assets/app.js.map:
  development: 2017-05-01T09:31:24-06:00   6e1c5004ff19146464988e0ced7f2fa1
  production: 2016-10-10T16:13:28-06:00   6e1c5004ff19146464988e0ced7f2fa1
assets/arrow-down.svg.liquid:
  development: 2017-05-01T09:31:24-06:00   3d86e10debe8b76a0ed23e8efdf2eaa3
  production: 2016-10-03T14:20:44-06:00   3d86e10debe8b76a0ed23e8efdf2eaa3
assets/cart.svg.liquid:
  development: 2017-05-01T09:31:24-06:00   90b2c664af7062b499b8cd8d8919a873
  production: 2016-10-11T15:33:54-06:00   90b2c664af7062b499b8cd8d8919a873
assets/cart2.svg.liquid:
  development: 2017-05-01T09:31:24-06:00   debed3e55e808dd299c78e2ba6f2f4f8
  production: 2016-10-11T15:33:31-06:00   debed3e55e808dd299c78e2ba6f2f4f8
assets/footer-facebook.png:
  development: 2017-05-02T06:37:18-06:00   e06ad99a5a025d533bbd550c993cab6f
  production: 2017-05-02T07:50:32-06:00   e06ad99a5a025d533bbd550c993cab6f
assets/footer-instagram.png:
  development: 2017-05-02T06:37:34-06:00   358ec779b260c835a910141d5bb086f2
  production: 2017-05-02T07:50:36-06:00   358ec779b260c835a910141d5bb086f2
assets/footer-youtube.png:
  development: 2017-05-02T06:37:47-06:00   6ec957740f5b965b3d8fda5e67054e78
  production: 2017-05-02T07:50:40-06:00   6ec957740f5b965b3d8fda5e67054e78
assets/home-computer.png:
  development: 2017-05-02T05:57:34-06:00   c08dbc1eea69f138b0ea77a02d4a38ba
  production: 2017-05-02T07:51:04-06:00   c08dbc1eea69f138b0ea77a02d4a38ba
assets/home-elbow.jpg:
  development: 2017-05-01T22:31:56-06:00   35b13f3e68df6219099183ba0b5e6ce6
  production: 2017-05-02T07:51:03-06:00   35b13f3e68df6219099183ba0b5e6ce6
assets/home-elbow.png:
  development: 2017-05-01T22:32:46-06:00   d66c4fa6011f79bae1dc0ee5e543bc27
  production: 2017-05-02T07:50:51-06:00   d66c4fa6011f79bae1dc0ee5e543bc27
assets/home-hip.jpg:
  development: 2017-05-01T22:20:42-06:00   a8308cd26a23fa1397a2576fddf9d11e
  production: 2017-05-02T07:50:39-06:00   a8308cd26a23fa1397a2576fddf9d11e
assets/home-icon-01.png:
  development: 2017-05-01T20:15:05-06:00   73aa20c112c40bd3bfe026bb91ef40ec
  production: 2017-05-02T07:50:43-06:00   73aa20c112c40bd3bfe026bb91ef40ec
assets/home-icon-02.png:
  development: 2017-05-01T20:15:36-06:00   6fd62a05dc51b9b0cf10f7de9186a585
  production: 2017-05-02T07:50:53-06:00   6fd62a05dc51b9b0cf10f7de9186a585
assets/home-icon-03.png:
  development: 2017-05-01T20:15:58-06:00   f26b90817943d4722798a88349948b60
  production: 2017-05-02T07:50:39-06:00   f26b90817943d4722798a88349948b60
assets/home-icon-arrow.png:
  development: 2017-07-27T13:55:46-06:00   6901820bd2480621df2cc703ef2624c7
  production: 2017-05-09T09:28:40-06:00   6901820bd2480621df2cc703ef2624c7
assets/home-icon-plus.png:
  development: 2017-07-27T13:55:48-06:00   ca6baa57fdbfb153c0a9b7ee9f297244
  production: 2017-05-09T09:28:15-06:00   ca6baa57fdbfb153c0a9b7ee9f297244
assets/home-neck.jpg:
  development: 2017-05-01T22:18:29-06:00   7f1d4c6bde3f230133c206d59418b5b6
  production: 2017-05-02T07:50:44-06:00   7f1d4c6bde3f230133c206d59418b5b6
assets/intro-video-poster.jpg:
  development: 2017-05-01T09:31:25-06:00   196d3368d175bd8669731bb1ed8316f2
  production: 2016-10-12T15:25:34-06:00   196d3368d175bd8669731bb1ed8316f2
assets/jquery.pick.js:
  development: 2017-05-01T09:31:25-06:00   f96ddbc0b3ffddf2cbfabf035a5c6889
  production: 2016-12-06T12:45:39-07:00   f96ddbc0b3ffddf2cbfabf035a5c6889
assets/logo.svg.liquid:
  development: 2017-05-01T09:31:25-06:00   9f03517ebe5162333e37998d4ba35435
  production: 2016-10-11T15:23:51-06:00   9f03517ebe5162333e37998d4ba35435
assets/orange-flourish-lg.png:
  development: 2017-05-01T09:31:25-06:00   38de65e852cf356c7b429d9e4e48271f
  production: 2016-10-12T16:47:28-06:00   38de65e852cf356c7b429d9e4e48271f
assets/orange-flourish-sm.png:
  development: 2017-05-01T09:31:25-06:00   56ec8a21877851446028671212814e52
  production: 2016-10-12T16:48:00-06:00   56ec8a21877851446028671212814e52
assets/play-button.png:
  development: 2017-05-01T09:31:25-06:00   fab63a891ebb85462c946efc7dd4a3cd
  production: 2016-11-20T08:09:59-07:00   fab63a891ebb85462c946efc7dd4a3cd
assets/purple-flourish-lg.png:
  development: 2017-05-01T09:31:25-06:00   4fd88dfbddf8e7ac6c8a7937a0ec59e6
  production: 2016-10-12T16:46:46-06:00   4fd88dfbddf8e7ac6c8a7937a0ec59e6
assets/screen.css.liquid:
  development: 2017-11-23T15:43:40-07:00   af0ad165d268f38f948047068beef741
  production: 2017-11-29T11:22:27-07:00   4415ab489de35e72625f1338d7391b5f
assets/search.svg.liquid:
  development: 2017-05-01T09:31:25-06:00   03b10a09ea40be4404ebea602e2b11e9
  production: 2016-10-11T15:34:05-06:00   03b10a09ea40be4404ebea602e2b11e9
assets/shop.js.liquid:
  development: 2017-05-01T09:31:25-06:00   89da6f1e6c5b3e9dc93f9791fc7128f7
  production: 2016-10-03T14:20:44-06:00   89da6f1e6c5b3e9dc93f9791fc7128f7
assets/shopify_common.js:
  development: 2017-05-01T09:31:26-06:00   bf001459d7d6c7c05491db53511b03b1
  production: 2016-10-03T14:20:44-06:00   bf001459d7d6c7c05491db53511b03b1
assets/style.scss.liquid:
  development: 2017-05-01T09:31:26-06:00   d4b507dac42b2cffed4c60fa59444137
  production: 2016-10-05T12:15:46-06:00   d4b507dac42b2cffed4c60fa59444137
config/settings_data.json:
  development: 2017-05-01T09:31:22-06:00   20a2d0afa2986f62e254a069cb43edad
  production: 2016-12-21T09:44:56-07:00   20a2d0afa2986f62e254a069cb43edad
config/settings_schema.json:
  development: 2017-05-01T09:31:26-06:00   6550fb3d494cc0d6b4d30821d7d6874b
  production: 2016-10-03T14:20:44-06:00   6550fb3d494cc0d6b4d30821d7d6874b
layout/theme.liquid:
  development: 2017-11-14T06:14:02-07:00   22ccdf80b001368d0077215b643bd54d
  production: 2017-11-15T07:39:17-07:00   22ccdf80b001368d0077215b643bd54d
locales/en.default.json:
  development: 2017-05-01T09:31:26-06:00   99914b932bd37a50b983c5e7c90ae93b
  production: 2016-12-16T14:41:06-07:00   99914b932bd37a50b983c5e7c90ae93b
snippets/article-grid-item.liquid:
  development: 2017-05-01T09:31:26-06:00   99d1be50ecf02508409614035c060e18
  production: 2016-10-03T14:20:45-06:00   99d1be50ecf02508409614035c060e18
snippets/collection-grid-item.liquid:
  development: 2017-05-01T09:31:26-06:00   9bc03ebadf875091d5e2eca67c30c490
  production: 2016-10-03T14:20:45-06:00   9bc03ebadf875091d5e2eca67c30c490
snippets/collection-listing.liquid:
  development: 2017-05-01T09:31:26-06:00   0204a384895375337c0907e7a82d7ffb
  production: 2016-10-03T14:20:45-06:00   0204a384895375337c0907e7a82d7ffb
snippets/collection-products-grid-item.liquid:
  development: 2017-11-15T07:30:27-07:00   95dd5fad9afb81485f0fc37022fe9eb6
  production: 2017-08-06T17:29:16-06:00   95dd5fad9afb81485f0fc37022fe9eb6
snippets/free-grid-item.liquid:
  development: 2017-11-13T10:13:25-07:00   41cbe4d7bea19f7c12ea237c71ef81a6
  production: 2017-11-15T07:39:01-07:00   41cbe4d7bea19f7c12ea237c71ef81a6
snippets/kit-product-js.liquid:
  development: 2017-11-15T07:35:45-07:00   cb7d312935e8affc8a95c90c6d965a7a
  production: 2017-11-15T07:38:54-07:00   cb7d312935e8affc8a95c90c6d965a7a
snippets/kit-products.liquid:
  development: 2017-11-15T07:35:45-07:00   86466dc2cf082a40295d61be58e35b55
  production: 2017-11-15T07:39:13-07:00   86466dc2cf082a40295d61be58e35b55
snippets/media-grid-item.liquid:
  development: 2017-05-01T09:31:26-06:00   1a9e5426661bcaadfdd2148d93d0860b
  production: 2017-03-09T12:39:05-07:00   1a9e5426661bcaadfdd2148d93d0860b
snippets/mobile-site-nav.liquid:
  development: 2017-05-01T09:31:26-06:00   99dfd62c67e604b30ec4c82c39991c27
  production: 2016-11-16T22:30:06-07:00   99dfd62c67e604b30ec4c82c39991c27
snippets/open-graph-tags.liquid:
  development: 2017-05-01T09:31:26-06:00   7abc94cf8c4217a30a5dcd98650eba4d
  production: 2016-10-03T14:20:45-06:00   7abc94cf8c4217a30a5dcd98650eba4d
snippets/product-free-video.liquid:
  development: 2017-11-13T10:22:21-07:00   022151b5f91cbd94a9b8e40da59a16ec
  production: 2017-11-15T07:38:56-07:00   022151b5f91cbd94a9b8e40da59a16ec
snippets/product-general.liquid:
  development: 2017-11-13T08:32:10-07:00   82a7fd870037d4b9f5f5be47ff26d5cc
  production: 2017-11-15T07:38:52-07:00   82a7fd870037d4b9f5f5be47ff26d5cc
snippets/product-grid-item.liquid:
  development: 2017-11-15T07:30:15-07:00   558415d593209d2ac8b741d0f1f47c07
  production: 2017-09-19T11:41:43-06:00   558415d593209d2ac8b741d0f1f47c07
snippets/product-reviews.liquid:
  development: 2017-11-12T14:15:09-07:00   f61dc93df5101499df215597b5def1bd
  production: 2017-11-15T07:39:11-07:00   f61dc93df5101499df215597b5def1bd
snippets/product-stars.liquid:
  development: 2017-11-12T14:18:30-07:00   928aebc89add0abec7f39127fad038d3
  production: 2017-11-15T07:38:57-07:00   928aebc89add0abec7f39127fad038d3
snippets/product-variant-js.liquid:
  development: 2017-11-12T20:34:56-07:00   b9a5b1a706c74c8451dd67a9cbcf5ec7
  production: 2017-11-15T07:38:57-07:00   b9a5b1a706c74c8451dd67a9cbcf5ec7
snippets/product-video.liquid:
  development: 2017-11-23T15:45:51-07:00   9c03fd87a2a48e85e7060cb6af89dc7a
  production: 2017-11-29T11:28:08-07:00   9c03fd87a2a48e85e7060cb6af89dc7a
snippets/recommended-products.liquid:
  development: 2017-07-27T12:17:34-06:00
  production: 2017-11-23T15:46:54-07:00
snippets/related-products.liquid:
  development: 2017-11-15T07:35:46-07:00   917e61111db1cb7ce24adb0dc307d0d9
  production: 2017-11-15T07:39:10-07:00   917e61111db1cb7ce24adb0dc307d0d9
snippets/search-grid-item.liquid:
  development: 2017-11-14T09:05:14-07:00   bef8c9477c4565256ead9f4c51d3e6f6
  production: 2017-11-15T07:39:06-07:00   bef8c9477c4565256ead9f4c51d3e6f6
snippets/site-nav.liquid:
  development: 2017-05-01T09:31:26-06:00   95479321ad88bcf2d17586d7b559f26e
  production: 2016-10-12T13:33:06-06:00   95479321ad88bcf2d17586d7b559f26e
snippets/social-links.liquid:
  development: 2017-05-01T09:31:26-06:00   4a6dfe2a44e76037b90aa9eafc1c4b62
  production: 2016-10-03T14:20:45-06:00   4a6dfe2a44e76037b90aa9eafc1c4b62
snippets/store-grid-item.liquid:
  development: 2017-11-13T08:12:23-07:00   bef8c9477c4565256ead9f4c51d3e6f6
  production: 2017-11-15T07:38:53-07:00   bef8c9477c4565256ead9f4c51d3e6f6
snippets/twitter-card.liquid:
  development: 2017-05-01T09:31:26-06:00   d890500f75624d5697d7181e7b187985
  production: 2016-10-03T14:20:45-06:00   d890500f75624d5697d7181e7b187985
snippets/video-collection-grid-item.liquid:
  development: 2017-11-13T10:13:44-07:00   41cbe4d7bea19f7c12ea237c71ef81a6
  production: 2017-11-15T07:39:19-07:00   41cbe4d7bea19f7c12ea237c71ef81a6
templates/404.liquid:
  development: 2017-05-01T09:31:26-06:00   1325240d4f2c57d4af2c9c2b3cb59ff0
  production: 2017-01-10T06:44:24-07:00   1325240d4f2c57d4af2c9c2b3cb59ff0
templates/article.liquid:
  development: 2017-05-01T09:31:26-06:00   aa75b41a1c2c10a52608c75758a1d310
  production: 2016-10-12T09:20:14-06:00   aa75b41a1c2c10a52608c75758a1d310
templates/blog.employees.liquid:
  development: 2017-05-01T09:31:26-06:00   f8a8f177019f8ee843f980d444de08f0
  production: 2016-10-24T09:12:05-06:00   f8a8f177019f8ee843f980d444de08f0
templates/blog.grid.liquid:
  development: 2017-05-01T09:31:26-06:00   86be3e0e650207dd0893ab14ae349a6e
  production: 2016-10-03T14:20:45-06:00   86be3e0e650207dd0893ab14ae349a6e
templates/blog.liquid:
  development: 2017-05-01T09:31:26-06:00   f0850fcfcc3fba6a8cba088cdb03276c
  production: 2016-10-12T09:20:15-06:00   f0850fcfcc3fba6a8cba088cdb03276c
templates/cart.liquid:
  development: 2017-05-01T09:31:26-06:00   18ca8f70043bb42741ed5413283f2b12
  production: 2016-12-12T06:55:50-07:00   18ca8f70043bb42741ed5413283f2b12
templates/collection.liquid:
  development: 2017-11-15T07:29:56-07:00   613b1d660bd3659d42fbd499cea12309
  production: 2017-08-06T17:27:25-06:00   613b1d660bd3659d42fbd499cea12309
templates/customers/account.liquid:
  development: 2017-05-01T09:31:27-06:00   6bd35b42950a0aea509b5c16ffdcf0bd
  production: 2017-02-23T12:09:44-07:00   6bd35b42950a0aea509b5c16ffdcf0bd
templates/customers/activate_account.liquid:
  development: 2017-05-01T09:31:27-06:00   5a6109b672e8c897194e8950b36b366c
  production: 2017-01-10T07:25:15-07:00   5a6109b672e8c897194e8950b36b366c
templates/customers/addresses.liquid:
  development: 2017-05-01T09:31:27-06:00   2f8bd9eb4add631e6f2fac3fd36b2e96
  production: 2017-02-27T13:37:57-07:00   2f8bd9eb4add631e6f2fac3fd36b2e96
templates/customers/login.liquid:
  development: 2017-05-01T09:31:27-06:00   9e7efde95cf7e68c461e7d4805cc36b8
  production: 2017-03-01T07:14:02-07:00   9e7efde95cf7e68c461e7d4805cc36b8
templates/customers/order.liquid:
  development: 2017-05-01T09:31:27-06:00   b57bdd14b80ff066428d60df62ae9f16
  production: 2017-02-23T12:53:10-07:00   b57bdd14b80ff066428d60df62ae9f16
templates/customers/register.liquid:
  development: 2017-05-01T09:31:27-06:00   eb1b4a5afeabd634d2379f7ece514189
  production: 2017-02-23T09:26:24-07:00   eb1b4a5afeabd634d2379f7ece514189
templates/customers/reset_password.liquid:
  development: 2017-05-01T09:31:27-06:00   8aba0905674186ffe6f7ef5ce1bbb266
  production: 2017-01-10T07:25:21-07:00   8aba0905674186ffe6f7ef5ce1bbb266
templates/index.liquid:
  development: 2017-11-15T07:30:14-07:00   ae2b55bef91a40b08df7b7135ad558df
  production: 2017-08-12T07:55:09-06:00   ae2b55bef91a40b08df7b7135ad558df
templates/list-collections.liquid:
  development: 2017-05-01T09:31:27-06:00   d011f72b56eebbfce957d52067967a8e
  production: 2016-10-03T14:20:45-06:00   d011f72b56eebbfce957d52067967a8e
templates/media.liquid:
  development: 2017-05-01T09:31:27-06:00
  production: 2016-12-21T09:57:09-07:00
templates/mobile-site-nav.liquid:
  development: 2017-05-01T09:31:27-06:00
  production: 2016-11-16T10:38:11-07:00
templates/page.about.liquid:
  development: 2017-05-01T09:31:27-06:00   27c9612310a603702188c1f3eb70633e
  production: 2016-10-24T10:17:24-06:00   27c9612310a603702188c1f3eb70633e
templates/page.contact.liquid:
  development: 2017-05-01T09:31:27-06:00   1c17b86a8a66eb730271a29ec8c28b53
  production: 2016-10-24T12:39:57-06:00   1c17b86a8a66eb730271a29ec8c28b53
templates/page.free-videos.liquid:
  development: 2017-05-01T09:31:27-06:00   bd89f661a04507dccd1b3e460415940e
  production: 2016-12-12T14:34:28-07:00   bd89f661a04507dccd1b3e460415940e
templates/page.liquid:
  development: 2017-05-01T09:31:27-06:00   d86f6067a16e81790bdce306f816245d
  production: 2016-12-02T07:00:02-07:00   d86f6067a16e81790bdce306f816245d
templates/page.media.liquid:
  development: 2017-05-01T09:31:27-06:00   952b6ee44e6440721fb4997a74e33832
  production: 2017-02-28T08:56:54-07:00   952b6ee44e6440721fb4997a74e33832
templates/page.store.liquid:
  development: 2017-11-13T06:00:54-07:00   6994c54bc0a0a04150e014cd9ad54ba6
  production: 2017-08-06T17:26:47-06:00   6994c54bc0a0a04150e014cd9ad54ba6
templates/page.toolkits.liquid:
  development: 2017-11-13T08:16:03-07:00   01bb468e166ce54c6adb1a1433c424b7
  production: 2017-11-15T07:38:47-07:00   01bb468e166ce54c6adb1a1433c424b7
templates/product.liquid:
  development: 2017-11-13T10:18:06-07:00   37140503f818ab2ba5b64140d20770d1
  production: 2017-11-15T07:39:08-07:00   37140503f818ab2ba5b64140d20770d1
templates/search.liquid:
  development: 2017-11-14T09:09:11-07:00   43c76017fc0209b392ea17b5be9c8f3f
  production: 2017-11-15T07:38:43-07:00   43c76017fc0209b392ea17b5be9c8f3f
